{
  "name": "v8",
  "version": "1.0.0",
  "lockfileVersion": 1,
  "requires": true,
  "dependencies": {
    "back": {
      "version": "0.1.5",
      "resolved": "https://npm.tangees.com/back/-/back-0.1.5.tgz",
      "integrity": "sha512-z4th1vCh5t8hNHOtfq0saGnPlzn9jV6xWfHPvl5Hd2tPRF9qqaGafF1Ky2Dj4S0gqMt7I93fOKRxjvJtnpxQzA=="
    },
    "errs": {
      "version": "0.3.2",
      "resolved": "https://npm.tangees.com/errs/-/errs-0.3.2.tgz",
      "integrity": "sha512-r+/tydov04FSwTi+PrGd0IdY195Y1jZW2g27TJ+cErU8vvr9V4hHYxtRF8bMjv4zYEhap7wK7zBQ2i99LRo6kA=="
    },
    "fork": {
      "version": "1.3.1",
      "resolved": "https://npm.tangees.com/fork/-/fork-1.3.1.tgz",
      "integrity": "sha512-Tlny4Js2ol+HhWtZaw49pHCOlmQfNNfF7OwclVl5VbHsncoOIhMANQoqqIe0iiLbm0dF9vtj1Ge2DHTE3j5RiA==",
      "requires": {
        "back": "~0.1.5",
        "errs": "^0.3.2",
        "killer": "^0.1.0"
      }
    },
    "http": {
      "version": "0.0.1-security",
      "resolved": "https://npm.tangees.com/http/-/http-0.0.1-security.tgz",
      "integrity": "sha1-OqwJEp0S3CdHu85BV6/eIK0feZU="
    },
    "killer": {
      "version": "0.1.0",
      "resolved": "https://npm.tangees.com/killer/-/killer-0.1.0.tgz",
      "integrity": "sha512-sPHz3ZWdOtubdmVH0HyxSqigkmI4AXgr3d9EbmRVFa2uiLeA5sBkanCW+Xo7F64P8xVhxl0lOwhL72LDhJJQbg=="
    },
    "punycode": {
      "version": "1.3.2",
      "resolved": "https://npm.tangees.com/punycode/-/punycode-1.3.2.tgz",
      "integrity": "sha1-llOgNvt8HuQjQvIyXM7v6jkmxI0="
    },
    "querystring": {
      "version": "0.2.0",
      "resolved": "https://npm.tangees.com/querystring/-/querystring-0.2.0.tgz",
      "integrity": "sha1-sgmEkgO7Jd+CDadW50cAWHhSFiA="
    },
    "readline-sync": {
      "version": "1.4.10",
      "resolved": "https://npm.tangees.com/readline-sync/-/readline-sync-1.4.10.tgz",
      "integrity": "sha512-gNva8/6UAe8QYepIQH/jQ2qn91Qj0B9sYjMBBs3QOB8F2CXcKgLxQaJRP76sWVRQt+QU+8fAkCbCvjjMFu7Ycw=="
    },
    "url": {
      "version": "0.11.0",
      "resolved": "https://npm.tangees.com/url/-/url-0.11.0.tgz",
      "integrity": "sha1-ODjpfPxgUh63PFJajlW/3Z4uKPE=",
      "requires": {
        "punycode": "1.3.2",
        "querystring": "0.2.0"
      }
    }
  }
}
